{
    "heroku/heroku-buildpack-php": {
        "version": "dev-master"
    },
    "monolog/monolog": {
        "version": "1.x-dev"
    },
    "php": {
        "version": "7.2"
    },
    "psr/log": {
        "version": "1.1.x-dev"
    },
    "symfony/flex": {
        "version": "1.0",
        "recipe": {
            "repo": "github.com/symfony/recipes",
            "branch": "master",
            "version": "1.0",
            "ref": "c0eeb50665f0f77226616b6038a9b06c03752d8e"
        },
        "files": [
            ".env"
        ]
    },
    "symfony/polyfill-ctype": {
        "version": "1.15-dev"
    },
    "symfony/polyfill-mbstring": {
        "version": "1.15-dev"
    },
    "symfony/twig-bridge": {
        "version": "3.4.x-dev"
    },
    "twig/twig": {
        "version": "2.x-dev"
    }
}
